
Microsoft Visual Studio Solution File, Format Version 12.00
# Visual Studio 14
VisualStudioVersion = 14.0.23107.0
MinimumVisualStudioVersion = 10.0.40219.1
Project("{F2A71F9B-5D33-465A-A702-920D77279786}") = "Experiment-01", "Experiment-01\Experiment-01.fsproj", "{E7C6B2A2-FAD3-45EC-8553-71A926D5EADD}"
EndProject
Project("{F2A71F9B-5D33-465A-A702-920D77279786}") = "Experiment-02", "Experiment-02\Experiment-02.fsproj", "{FB7B94C7-2B26-4D39-9434-81D0D24984F3}"
EndProject
Project("{F2A71F9B-5D33-465A-A702-920D77279786}") = "Experiment-03", "Experiment-03\Experiment-03.fsproj", "{79CDCB72-B5DD-4078-9CE3-F1F6E0637B66}"
EndProject
Project("{F2A71F9B-5D33-465A-A702-920D77279786}") = "Experiment-04", "Experiment-04\Experiment-04.fsproj", "{0E93BE94-C42F-4DBB-A2C0-BA08F464BDD6}"
EndProject
Project("{F2A71F9B-5D33-465A-A702-920D77279786}") = "Experiment-05", "Experiment-05\Experiment-05.fsproj", "{AAF071CF-A53F-4156-B2F7-AF47D62B4690}"
EndProject
Project("{F2A71F9B-5D33-465A-A702-920D77279786}") = "Experiment-06", "Experiment-06\Experiment-06.fsproj", "{1E47EC4A-3E5C-4633-8C7A-D1940EB6CB68}"
EndProject
Project("{F2A71F9B-5D33-465A-A702-920D77279786}") = "Experiment-07", "Experiment-07\Experiment-07.fsproj", "{E0B8DC52-9D18-4D4D-AC4E-F6A5135CABB4}"
EndProject
Global
	GlobalSection(SolutionConfigurationPlatforms) = preSolution
		Debug|Any CPU = Debug|Any CPU
		Release|Any CPU = Release|Any CPU
	EndGlobalSection
	GlobalSection(ProjectConfigurationPlatforms) = postSolution
		{E7C6B2A2-FAD3-45EC-8553-71A926D5EADD}.Debug|Any CPU.ActiveCfg = Debug|Any CPU
		{E7C6B2A2-FAD3-45EC-8553-71A926D5EADD}.Debug|Any CPU.Build.0 = Debug|Any CPU
		{E7C6B2A2-FAD3-45EC-8553-71A926D5EADD}.Release|Any CPU.ActiveCfg = Release|Any CPU
		{E7C6B2A2-FAD3-45EC-8553-71A926D5EADD}.Release|Any CPU.Build.0 = Release|Any CPU
		{FB7B94C7-2B26-4D39-9434-81D0D24984F3}.Debug|Any CPU.ActiveCfg = Debug|Any CPU
		{FB7B94C7-2B26-4D39-9434-81D0D24984F3}.Debug|Any CPU.Build.0 = Debug|Any CPU
		{FB7B94C7-2B26-4D39-9434-81D0D24984F3}.Release|Any CPU.ActiveCfg = Release|Any CPU
		{FB7B94C7-2B26-4D39-9434-81D0D24984F3}.Release|Any CPU.Build.0 = Release|Any CPU
		{79CDCB72-B5DD-4078-9CE3-F1F6E0637B66}.Debug|Any CPU.ActiveCfg = Debug|Any CPU
		{79CDCB72-B5DD-4078-9CE3-F1F6E0637B66}.Debug|Any CPU.Build.0 = Debug|Any CPU
		{79CDCB72-B5DD-4078-9CE3-F1F6E0637B66}.Release|Any CPU.ActiveCfg = Release|Any CPU
		{79CDCB72-B5DD-4078-9CE3-F1F6E0637B66}.Release|Any CPU.Build.0 = Release|Any CPU
		{0E93BE94-C42F-4DBB-A2C0-BA08F464BDD6}.Debug|Any CPU.ActiveCfg = Debug|Any CPU
		{0E93BE94-C42F-4DBB-A2C0-BA08F464BDD6}.Debug|Any CPU.Build.0 = Debug|Any CPU
		{0E93BE94-C42F-4DBB-A2C0-BA08F464BDD6}.Release|Any CPU.ActiveCfg = Release|Any CPU
		{0E93BE94-C42F-4DBB-A2C0-BA08F464BDD6}.Release|Any CPU.Build.0 = Release|Any CPU
		{AAF071CF-A53F-4156-B2F7-AF47D62B4690}.Debug|Any CPU.ActiveCfg = Debug|Any CPU
		{AAF071CF-A53F-4156-B2F7-AF47D62B4690}.Debug|Any CPU.Build.0 = Debug|Any CPU
		{AAF071CF-A53F-4156-B2F7-AF47D62B4690}.Release|Any CPU.ActiveCfg = Release|Any CPU
		{AAF071CF-A53F-4156-B2F7-AF47D62B4690}.Release|Any CPU.Build.0 = Release|Any CPU
		{1E47EC4A-3E5C-4633-8C7A-D1940EB6CB68}.Debug|Any CPU.ActiveCfg = Debug|Any CPU
		{1E47EC4A-3E5C-4633-8C7A-D1940EB6CB68}.Debug|Any CPU.Build.0 = Debug|Any CPU
		{1E47EC4A-3E5C-4633-8C7A-D1940EB6CB68}.Release|Any CPU.ActiveCfg = Release|Any CPU
		{1E47EC4A-3E5C-4633-8C7A-D1940EB6CB68}.Release|Any CPU.Build.0 = Release|Any CPU
		{E0B8DC52-9D18-4D4D-AC4E-F6A5135CABB4}.Debug|Any CPU.ActiveCfg = Debug|Any CPU
		{E0B8DC52-9D18-4D4D-AC4E-F6A5135CABB4}.Debug|Any CPU.Build.0 = Debug|Any CPU
		{E0B8DC52-9D18-4D4D-AC4E-F6A5135CABB4}.Release|Any CPU.ActiveCfg = Release|Any CPU
		{E0B8DC52-9D18-4D4D-AC4E-F6A5135CABB4}.Release|Any CPU.Build.0 = Release|Any CPU
	EndGlobalSection
	GlobalSection(SolutionProperties) = preSolution
		HideSolutionNode = FALSE
	EndGlobalSection
EndGlobal
